
Microsoft Visual Studio Solution File, Format Version 12.00
# Visual Studio Version 17
VisualStudioVersion = 17.14.36221.1 d17.14
MinimumVisualStudioVersion = 10.0.40219.1
Project("{888888A0-9F3D-457C-B088-3A5042F75D52}") = "portscanner", "portscanner.pyproj", "{BF8F1E4B-6D34-4A28-B1AD-FACAAA3C7169}"
EndProject
Global
	GlobalSection(SolutionConfigurationPlatforms) = preSolution
		Debug|Any CPU = Debug|Any CPU
		Release|Any CPU = Release|Any CPU
	EndGlobalSection
	GlobalSection(ProjectConfigurationPlatforms) = postSolution
		{BF8F1E4B-6D34-4A28-B1AD-FACAAA3C7169}.Debug|Any CPU.ActiveCfg = Debug|Any CPU
		{BF8F1E4B-6D34-4A28-B1AD-FACAAA3C7169}.Release|Any CPU.ActiveCfg = Release|Any CPU
	EndGlobalSection
	GlobalSection(SolutionProperties) = preSolution
		HideSolutionNode = FALSE
	EndGlobalSection
	GlobalSection(ExtensibilityGlobals) = postSolution
		SolutionGuid = {8F358858-AD17-4B54-B375-30EEE9D9264E}
	EndGlobalSection
EndGlobal
